
Microsoft Visual Studio Solution File, Format Version 12.00
# Visual Studio Version 17
VisualStudioVersion = 17.1.32407.343
MinimumVisualStudioVersion = 10.0.40219.1
Project("{FAE04EC0-301F-11D3-BF4B-00C04F79EFBC}") = "MaxMethodUsingGenerics", "MaxMethodUsingGenerics.csproj", "{F5FD13C9-A2FD-4055-917E-D45717854643}"
EndProject
Project("{FAE04EC0-301F-11D3-BF4B-00C04F79EFBC}") = "MaxMethodUsingGenericsTests", "..\MaxMethodUsingGenericsTests\MaxMethodUsingGenericsTests.csproj", "{5E2110BC-928A-43BC-BABA-DDBF8ABFA33B}"
EndProject
Global
	GlobalSection(SolutionConfigurationPlatforms) = preSolution
		Debug|Any CPU = Debug|Any CPU
		Release|Any CPU = Release|Any CPU
	EndGlobalSection
	GlobalSection(ProjectConfigurationPlatforms) = postSolution
		{F5FD13C9-A2FD-4055-917E-D45717854643}.Debug|Any CPU.ActiveCfg = Debug|Any CPU
		{F5FD13C9-A2FD-4055-917E-D45717854643}.Debug|Any CPU.Build.0 = Debug|Any CPU
		{F5FD13C9-A2FD-4055-917E-D45717854643}.Release|Any CPU.ActiveCfg = Release|Any CPU
		{F5FD13C9-A2FD-4055-917E-D45717854643}.Release|Any CPU.Build.0 = Release|Any CPU
		{5E2110BC-928A-43BC-BABA-DDBF8ABFA33B}.Debug|Any CPU.ActiveCfg = Debug|Any CPU
		{5E2110BC-928A-43BC-BABA-DDBF8ABFA33B}.Debug|Any CPU.Build.0 = Debug|Any CPU
		{5E2110BC-928A-43BC-BABA-DDBF8ABFA33B}.Release|Any CPU.ActiveCfg = Release|Any CPU
		{5E2110BC-928A-43BC-BABA-DDBF8ABFA33B}.Release|Any CPU.Build.0 = Release|Any CPU
	EndGlobalSection
	GlobalSection(SolutionProperties) = preSolution
		HideSolutionNode = FALSE
	EndGlobalSection
	GlobalSection(ExtensibilityGlobals) = postSolution
		SolutionGuid = {8F8049BD-BD9C-4175-A8D3-25D0C55CE981}
	EndGlobalSection
EndGlobal
